
Microsoft Visual Studio Solution File, Format Version 12.00
# Visual Studio Version 16
VisualStudioVersion = 16.0.30517.126
MinimumVisualStudioVersion = 10.0.40219.1
Project("{FAE04EC0-301F-11D3-BF4B-00C04F79EFBC}") = "love_bot", "love_bot.csproj", "{AB982763-7676-4D95-AFF5-7A7B426772FE}"
EndProject
Global
	GlobalSection(SolutionConfigurationPlatforms) = preSolution
		Debug|Any CPU = Debug|Any CPU
		Release|Any CPU = Release|Any CPU
	EndGlobalSection
	GlobalSection(ProjectConfigurationPlatforms) = postSolution
		{AB982763-7676-4D95-AFF5-7A7B426772FE}.Debug|Any CPU.ActiveCfg = Debug|Any CPU
		{AB982763-7676-4D95-AFF5-7A7B426772FE}.Debug|Any CPU.Build.0 = Debug|Any CPU
		{AB982763-7676-4D95-AFF5-7A7B426772FE}.Release|Any CPU.ActiveCfg = Release|Any CPU
		{AB982763-7676-4D95-AFF5-7A7B426772FE}.Release|Any CPU.Build.0 = Release|Any CPU
	EndGlobalSection
	GlobalSection(SolutionProperties) = preSolution
		HideSolutionNode = FALSE
	EndGlobalSection
	GlobalSection(ExtensibilityGlobals) = postSolution
		SolutionGuid = {EC727090-CAFE-4F8A-A477-1ECC809A613E}
	EndGlobalSection
EndGlobal
